
Microsoft Visual Studio Solution File, Format Version 12.00
# Visual Studio 2013
VisualStudioVersion = 12.0.31101.0
MinimumVisualStudioVersion = 10.0.40219.1
Project("{FAE04EC0-301F-11D3-BF4B-00C04F79EFBC}") = "Bomben", "Bomben\Bomben.csproj", "{D7DF3CF2-AADB-4812-9EB7-1F29C339CBCB}"
EndProject
Project("{FAE04EC0-301F-11D3-BF4B-00C04F79EFBC}") = "Bomben.Tests", "UnitTestProject1\Bomben.Tests.csproj", "{9411DADF-C80E-474B-830E-631E21AF79E2}"
EndProject
Project("{FAE04EC0-301F-11D3-BF4B-00C04F79EFBC}") = "Bomben.GUI", "..\WindowsFormsApplication1\WindowsFormsApplication1\Bomben.GUI.csproj", "{06053DBA-E9BD-46A4-9986-3F2941B73AE1}"
EndProject
Global
	GlobalSection(SolutionConfigurationPlatforms) = preSolution
		Debug|Any CPU = Debug|Any CPU
		Release|Any CPU = Release|Any CPU
	EndGlobalSection
	GlobalSection(ProjectConfigurationPlatforms) = postSolution
		{D7DF3CF2-AADB-4812-9EB7-1F29C339CBCB}.Debug|Any CPU.ActiveCfg = Debug|Any CPU
		{D7DF3CF2-AADB-4812-9EB7-1F29C339CBCB}.Debug|Any CPU.Build.0 = Debug|Any CPU
		{D7DF3CF2-AADB-4812-9EB7-1F29C339CBCB}.Release|Any CPU.ActiveCfg = Release|Any CPU
		{D7DF3CF2-AADB-4812-9EB7-1F29C339CBCB}.Release|Any CPU.Build.0 = Release|Any CPU
		{9411DADF-C80E-474B-830E-631E21AF79E2}.Debug|Any CPU.ActiveCfg = Debug|Any CPU
		{9411DADF-C80E-474B-830E-631E21AF79E2}.Debug|Any CPU.Build.0 = Debug|Any CPU
		{9411DADF-C80E-474B-830E-631E21AF79E2}.Release|Any CPU.ActiveCfg = Release|Any CPU
		{9411DADF-C80E-474B-830E-631E21AF79E2}.Release|Any CPU.Build.0 = Release|Any CPU
		{06053DBA-E9BD-46A4-9986-3F2941B73AE1}.Debug|Any CPU.ActiveCfg = Debug|Any CPU
		{06053DBA-E9BD-46A4-9986-3F2941B73AE1}.Debug|Any CPU.Build.0 = Debug|Any CPU
		{06053DBA-E9BD-46A4-9986-3F2941B73AE1}.Release|Any CPU.ActiveCfg = Release|Any CPU
		{06053DBA-E9BD-46A4-9986-3F2941B73AE1}.Release|Any CPU.Build.0 = Release|Any CPU
	EndGlobalSection
	GlobalSection(SolutionProperties) = preSolution
		HideSolutionNode = FALSE
	EndGlobalSection
EndGlobal
