
Microsoft Visual Studio Solution File, Format Version 12.00
# Visual Studio 2013
VisualStudioVersion = 12.0.31101.0
MinimumVisualStudioVersion = 10.0.40219.1
Project("{FAE04EC0-301F-11D3-BF4B-00C04F79EFBC}") = "Bomben", "Bomben\Bomben.csproj", "{D7DF3CF2-AADB-4812-9EB7-1F29C339CBCB}"
EndProject
Project("{FAE04EC0-301F-11D3-BF4B-00C04F79EFBC}") = "Bomben.Tests", "UnitTestProject1\Bomben.Tests.csproj", "{9411DADF-C80E-474B-830E-631E21AF79E2}"
EndProject
Project("{2150E333-8FDC-42A3-9474-1A3956D46DE8}") = "Solution Items", "Solution Items", "{DB2AB03C-D6FE-4EAC-A64A-7D4D644EE2EB}"
	ProjectSection(SolutionItems) = preProject
		WindowsFormsApplication1\Bomben.GUI.csproj.user = WindowsFormsApplication1\Bomben.GUI.csproj.user
	EndProjectSection
EndProject
Global
	GlobalSection(SolutionConfigurationPlatforms) = preSolution
		Debug|Any CPU = Debug|Any CPU
		Release|Any CPU = Release|Any CPU
	EndGlobalSection
	GlobalSection(ProjectConfigurationPlatforms) = postSolution
		{D7DF3CF2-AADB-4812-9EB7-1F29C339CBCB}.Debug|Any CPU.ActiveCfg = Debug|Any CPU
		{D7DF3CF2-AADB-4812-9EB7-1F29C339CBCB}.Debug|Any CPU.Build.0 = Debug|Any CPU
		{D7DF3CF2-AADB-4812-9EB7-1F29C339CBCB}.Release|Any CPU.ActiveCfg = Release|Any CPU
		{D7DF3CF2-AADB-4812-9EB7-1F29C339CBCB}.Release|Any CPU.Build.0 = Release|Any CPU
		{9411DADF-C80E-474B-830E-631E21AF79E2}.Debug|Any CPU.ActiveCfg = Debug|Any CPU
		{9411DADF-C80E-474B-830E-631E21AF79E2}.Debug|Any CPU.Build.0 = Debug|Any CPU
		{9411DADF-C80E-474B-830E-631E21AF79E2}.Release|Any CPU.ActiveCfg = Release|Any CPU
		{9411DADF-C80E-474B-830E-631E21AF79E2}.Release|Any CPU.Build.0 = Release|Any CPU
	EndGlobalSection
	GlobalSection(SolutionProperties) = preSolution
		HideSolutionNode = FALSE
	EndGlobalSection
EndGlobal
